
Microsoft Visual Studio Solution File, Format Version 12.00
# Visual Studio 15
VisualStudioVersion = 15.0.28307.1300
MinimumVisualStudioVersion = 10.0.40219.1
Project("{FAE04EC0-301F-11D3-BF4B-00C04F79EFBC}") = "PresentationLayer", "PresentationLayer\PresentationLayer.csproj", "{AC1809C9-4DF8-4773-89B7-517CEA872E9E}"
EndProject
Project("{9A19103F-16F7-4668-BE54-9A1E7A4F7556}") = "BusinessLayer", "BusinessLayer\BusinessLayer.csproj", "{06F0C461-0EF3-4878-A85C-571F044CE93F}"
EndProject
Project("{9A19103F-16F7-4668-BE54-9A1E7A4F7556}") = "DataAccessLayer", "DataAccessLayer\DataAccessLayer.csproj", "{80051741-F933-49EC-A394-7D2A0A15ECD3}"
EndProject
Project("{2150E333-8FDC-42A3-9474-1A3956D46DE8}") = "Tests", "Tests", "{8D6B5D67-0EDA-40FA-A938-D5CE874395AB}"
EndProject
Project("{FAE04EC0-301F-11D3-BF4B-00C04F79EFBC}") = "BusinessLayerTests", "BusinessLayerTests\BusinessLayerTests.csproj", "{CE9B0DB8-E6EC-44CB-817C-AB0FFB27948E}"
EndProject
Project("{FAE04EC0-301F-11D3-BF4B-00C04F79EFBC}") = "RepositoryLayerTests", "RepositoryLayerTests\RepositoryLayerTests.csproj", "{9AC454B2-4A17-45AE-8417-5CAC32A76CC1}"
EndProject
Global
	GlobalSection(SolutionConfigurationPlatforms) = preSolution
		Debug|Any CPU = Debug|Any CPU
		Release|Any CPU = Release|Any CPU
	EndGlobalSection
	GlobalSection(ProjectConfigurationPlatforms) = postSolution
		{AC1809C9-4DF8-4773-89B7-517CEA872E9E}.Debug|Any CPU.ActiveCfg = Debug|Any CPU
		{AC1809C9-4DF8-4773-89B7-517CEA872E9E}.Debug|Any CPU.Build.0 = Debug|Any CPU
		{AC1809C9-4DF8-4773-89B7-517CEA872E9E}.Release|Any CPU.ActiveCfg = Release|Any CPU
		{AC1809C9-4DF8-4773-89B7-517CEA872E9E}.Release|Any CPU.Build.0 = Release|Any CPU
		{06F0C461-0EF3-4878-A85C-571F044CE93F}.Debug|Any CPU.ActiveCfg = Debug|Any CPU
		{06F0C461-0EF3-4878-A85C-571F044CE93F}.Debug|Any CPU.Build.0 = Debug|Any CPU
		{06F0C461-0EF3-4878-A85C-571F044CE93F}.Release|Any CPU.ActiveCfg = Release|Any CPU
		{06F0C461-0EF3-4878-A85C-571F044CE93F}.Release|Any CPU.Build.0 = Release|Any CPU
		{80051741-F933-49EC-A394-7D2A0A15ECD3}.Debug|Any CPU.ActiveCfg = Debug|Any CPU
		{80051741-F933-49EC-A394-7D2A0A15ECD3}.Debug|Any CPU.Build.0 = Debug|Any CPU
		{80051741-F933-49EC-A394-7D2A0A15ECD3}.Release|Any CPU.ActiveCfg = Release|Any CPU
		{80051741-F933-49EC-A394-7D2A0A15ECD3}.Release|Any CPU.Build.0 = Release|Any CPU
		{CE9B0DB8-E6EC-44CB-817C-AB0FFB27948E}.Debug|Any CPU.ActiveCfg = Debug|Any CPU
		{CE9B0DB8-E6EC-44CB-817C-AB0FFB27948E}.Debug|Any CPU.Build.0 = Debug|Any CPU
		{CE9B0DB8-E6EC-44CB-817C-AB0FFB27948E}.Release|Any CPU.ActiveCfg = Release|Any CPU
		{CE9B0DB8-E6EC-44CB-817C-AB0FFB27948E}.Release|Any CPU.Build.0 = Release|Any CPU
		{9AC454B2-4A17-45AE-8417-5CAC32A76CC1}.Debug|Any CPU.ActiveCfg = Debug|Any CPU
		{9AC454B2-4A17-45AE-8417-5CAC32A76CC1}.Debug|Any CPU.Build.0 = Debug|Any CPU
		{9AC454B2-4A17-45AE-8417-5CAC32A76CC1}.Release|Any CPU.ActiveCfg = Release|Any CPU
		{9AC454B2-4A17-45AE-8417-5CAC32A76CC1}.Release|Any CPU.Build.0 = Release|Any CPU
	EndGlobalSection
	GlobalSection(SolutionProperties) = preSolution
		HideSolutionNode = FALSE
	EndGlobalSection
	GlobalSection(NestedProjects) = preSolution
		{CE9B0DB8-E6EC-44CB-817C-AB0FFB27948E} = {8D6B5D67-0EDA-40FA-A938-D5CE874395AB}
		{9AC454B2-4A17-45AE-8417-5CAC32A76CC1} = {8D6B5D67-0EDA-40FA-A938-D5CE874395AB}
	EndGlobalSection
	GlobalSection(ExtensibilityGlobals) = postSolution
		SolutionGuid = {F8615538-1701-4861-B502-79FB57A110B9}
	EndGlobalSection
EndGlobal
